<?xml version="1.0" encoding="utf-8"?>
<Project ToolsVersion="4.0" xmlns="http://schemas.microsoft.com/developer/msbuild/2003">
  <ItemGroup>
    <Filter Include="Source Files">
      <UniqueIdentifier>{4FC737F1-C7A5-4376-A066-2A32D752A2FF}</UniqueIdentifier>
      <Extensions>cpp;c;cc;cxx;def;odl;idl;hpj;bat;asm;asmx</Extensions>
    </Filter>
    <Filter Include="Header Files">
      <UniqueIdentifier>{93995380-89BD-4b04-88EB-625FBE52EBFB}</UniqueIdentifier>
      <Extensions>h;hpp;hxx;hm;inl;inc;xsd</Extensions>
    </Filter>
    <Filter Include="Resource Files">
      <UniqueIdentifier>{67DA6AB6-F800-4c08-8B7A-83BB121AAD01}</UniqueIdentifier>
      <Extensions>rc;ico;cur;bmp;dlg;rc2;rct;bin;rgs;gif;jpg;jpeg;jpe;resx;tiff;tif;png;wav;mfcribbon-ms</Extensions>
    </Filter>
  </ItemGroup>
  <ItemGroup>
    <ClCompile Include="db.c">
      <Filter>Source Files</Filter>
    </ClCompile>
    <ClCompile Include="config.c">
      <Filter>Source Files</Filter>
    </ClCompile>
    <ClCompile Include="engine.c">
      <Filter>Source Files</Filter>
    </ClCompile>
    <ClCompile Include="main.c">
      <Filter>Source Files</Filter>
    </ClCompile>
    <ClCompile Include="vssobj.cpp">
      <Filter>Source Files</Filter>
    </ClCompile>
    <ClCompile Include="package.cpp">
      <Filter>Source Files</Filter>
    </ClCompile>
    <ClCompile Include="cmdline.c">
      <Filter>Source Files</Filter>
    </ClCompile>
    <ClCompile Include="dbutils.c">
      <Filter>Source Files</Filter>
    </ClCompile>
  </ItemGroup>
  <ItemGroup>
    <ClInclude Include="backup.h">
      <Filter>Header Files</Filter>
    </ClInclude>
    <ClInclude Include="resource.h">
      <Filter>Header Files</Filter>
    </ClInclude>
    <ClInclude Include="lzma\C\Types.h">
      <Filter>Header Files</Filter>
    </ClInclude>
    <ClInclude Include="lzma\CPP\7zip\Archive\IArchive.h">
      <Filter>Header Files</Filter>
    </ClInclude>
    <ClInclude Include="lzma\CPP\7zip\ICoder.h">
      <Filter>Header Files</Filter>
    </ClInclude>
    <ClInclude Include="lzma\CPP\7zip\IDecl.h">
      <Filter>Header Files</Filter>
    </ClInclude>
    <ClInclude Include="lzma\CPP\7zip\IPassword.h">
      <Filter>Header Files</Filter>
    </ClInclude>
    <ClInclude Include="lzma\CPP\7zip\IProgress.h">
      <Filter>Header Files</Filter>
    </ClInclude>
    <ClInclude Include="lzma\CPP\7zip\IStream.h">
      <Filter>Header Files</Filter>
    </ClInclude>
    <ClInclude Include="lzma\CPP\7zip\PropID.h">
      <Filter>Header Files</Filter>
    </ClInclude>
    <ClInclude Include="lzma\CPP\Common\AutoPtr.h">
      <Filter>Header Files</Filter>
    </ClInclude>
    <ClInclude Include="lzma\CPP\Common\Buffer.h">
      <Filter>Header Files</Filter>
    </ClInclude>
    <ClInclude Include="lzma\CPP\Common\ComTry.h">
      <Filter>Header Files</Filter>
    </ClInclude>
    <ClInclude Include="lzma\CPP\Common\Defs.h">
      <Filter>Header Files</Filter>
    </ClInclude>
    <ClInclude Include="lzma\CPP\Common\DynamicBuffer.h">
      <Filter>Header Files</Filter>
    </ClInclude>
    <ClInclude Include="lzma\CPP\Common\MyCom.h">
      <Filter>Header Files</Filter>
    </ClInclude>
    <ClInclude Include="lzma\CPP\Common\MyException.h">
      <Filter>Header Files</Filter>
    </ClInclude>
    <ClInclude Include="lzma\CPP\Common\MyGuidDef.h">
      <Filter>Header Files</Filter>
    </ClInclude>
    <ClInclude Include="lzma\CPP\Common\MyInitGuid.h">
      <Filter>Header Files</Filter>
    </ClInclude>
    <ClInclude Include="lzma\CPP\Common\MyUnknown.h">
      <Filter>Header Files</Filter>
    </ClInclude>
    <ClInclude Include="lzma\CPP\Common\MyWindows.h">
      <Filter>Header Files</Filter>
    </ClInclude>
    <ClInclude Include="lzma\CPP\Common\StdAfx.h">
      <Filter>Header Files</Filter>
    </ClInclude>
    <ClInclude Include="lzma\CPP\Common\Types.h">
      <Filter>Header Files</Filter>
    </ClInclude>
    <ClInclude Include="db.h">
      <Filter>Header Files</Filter>
    </ClInclude>
    <ClInclude Include="dbp.h">
      <Filter>Header Files</Filter>
    </ClInclude>
    <ClInclude Include="engine.h">
      <Filter>Header Files</Filter>
    </ClInclude>
    <ClInclude Include="enginep.h">
      <Filter>Header Files</Filter>
    </ClInclude>
    <ClInclude Include="config.h">
      <Filter>Header Files</Filter>
    </ClInclude>
    <ClInclude Include="vssobj.h">
      <Filter>Header Files</Filter>
    </ClInclude>
    <ClInclude Include="package.h">
      <Filter>Header Files</Filter>
    </ClInclude>
    <ClInclude Include="packagep.h">
      <Filter>Header Files</Filter>
    </ClInclude>
    <ClInclude Include="cmdlinep.h">
      <Filter>Header Files</Filter>
    </ClInclude>
    <ClInclude Include="dbutils.h">
      <Filter>Header Files</Filter>
    </ClInclude>
  </ItemGroup>
  <ItemGroup>
    <ResourceCompile Include="Backup.rc">
      <Filter>Resource Files</Filter>
    </ResourceCompile>
  </ItemGroup>
  <ItemGroup>
    <Manifest Include="Backup.manifest" />
  </ItemGroup>
</Project>